
Microsoft Visual Studio Solution File, Format Version 12.00
# Visual Studio Version 17
VisualStudioVersion = 17.9.34728.123
MinimumVisualStudioVersion = 10.0.40219.1
Project("{2150E333-8FDC-42A3-9474-1A3956D46DE8}") = "Core", "Core", "{BFEFCB57-5D96-4410-96A6-43BCA9BA6DD1}"
EndProject
Project("{2150E333-8FDC-42A3-9474-1A3956D46DE8}") = "Presentations", "Presentations", "{046CCA89-B4D2-4823-AAA2-E55ECB863E43}"
EndProject
Project("{2150E333-8FDC-42A3-9474-1A3956D46DE8}") = "Infrastructure", "Infrastructure", "{53C21C1C-D172-4992-BF7B-9941B6D7A4C9}"
EndProject
Project("{2150E333-8FDC-42A3-9474-1A3956D46DE8}") = "Tests", "Tests", "{9F446669-1BAB-4E8A-BB22-910E57890CF7}"
EndProject
Project("{9A19103F-16F7-4668-BE54-9A1E7A4F7556}") = "Shoppy.WebApi", "Shoppy.WebApi\Shoppy.WebApi.csproj", "{174FC362-61C7-4918-B75C-297EF317415C}"
EndProject
Project("{9A19103F-16F7-4668-BE54-9A1E7A4F7556}") = "Shoppy.SharedLibrary", "Shoppy.SharedLibrary\Shoppy.SharedLibrary.csproj", "{7491B7FF-A252-44C8-84C1-822D50ED0661}"
EndProject
Project("{9A19103F-16F7-4668-BE54-9A1E7A4F7556}") = "Shoppy.Application", "Shoppy.Application\Shoppy.Application.csproj", "{AAEC8EFE-6972-4B3A-8BF4-268E42221C79}"
EndProject
Project("{9A19103F-16F7-4668-BE54-9A1E7A4F7556}") = "Shoppy.Domain", "Shoppy.Domain\Shoppy.Domain.csproj", "{D63F81A8-3637-4A87-B473-BA696222A3AE}"
EndProject
Project("{9A19103F-16F7-4668-BE54-9A1E7A4F7556}") = "Shoppy.Persistence", "Shoppy.Persistence\Shoppy.Persistence.csproj", "{5AF63CFA-9C0F-4551-95CD-C1A383B8CE42}"
EndProject
Project("{9A19103F-16F7-4668-BE54-9A1E7A4F7556}") = "Shoppy.Infrastructure", "Shoppy.Infrastructure\Shoppy.Infrastructure.csproj", "{CC199E0C-8B4A-4556-AB69-CDE6F054EDE0}"
EndProject
Project("{FAE04EC0-301F-11D3-BF4B-00C04F79EFBC}") = "Shoppy.WebMVC", "Shoppy.WebMVC\Shoppy.WebMVC.csproj", "{C0C7C794-0326-45C0-9D52-2F8C592F9401}"
EndProject
Project("{2150E333-8FDC-42A3-9474-1A3956D46DE8}") = "Core.Test", "Core.Test", "{7C9EE40F-7371-462C-A5E8-39DB003B16BA}"
EndProject
Project("{FAE04EC0-301F-11D3-BF4B-00C04F79EFBC}") = "Application.Test", "Application.Test\Application.Test.csproj", "{6638990D-8553-4CEF-A0C6-9C486B8DD1B9}"
EndProject
Project("{2150E333-8FDC-42A3-9474-1A3956D46DE8}") = "Infrastructure.Test", "Infrastructure.Test", "{1507C526-62D4-4988-8076-0ACD3F54DB17}"
EndProject
Project("{2150E333-8FDC-42A3-9474-1A3956D46DE8}") = "Presentation.Test", "Presentation.Test", "{9E9C14DE-F02C-4025-BFBF-FE77C4D5B8AE}"
EndProject
Project("{FAE04EC0-301F-11D3-BF4B-00C04F79EFBC}") = "Infrastructure.Test", "Infrastructure.Test\Infrastructure.Test.csproj", "{28B3CF25-740B-40F6-8A40-283FA123374D}"
EndProject
Project("{FAE04EC0-301F-11D3-BF4B-00C04F79EFBC}") = "Persistence.Test", "Persistence.Test\Persistence.Test.csproj", "{7B7179CD-5013-4A15-A574-7D55B0A14B60}"
EndProject
Project("{FAE04EC0-301F-11D3-BF4B-00C04F79EFBC}") = "WebApi.Test", "WebApi.Test\WebApi.Test.csproj", "{B078EB9F-F064-4A78-969E-7C9E4368524B}"
EndProject
Project("{FAE04EC0-301F-11D3-BF4B-00C04F79EFBC}") = "WebMVC.Test", "WebMVC.Test\WebMVC.Test.csproj", "{884F1646-5D4C-465A-8C10-2DB08F1B76A1}"
EndProject
Project("{FAE04EC0-301F-11D3-BF4B-00C04F79EFBC}") = "Core", "Core\Core.csproj", "{798E51C6-C067-446F-887F-11F3E58AAA7B}"
EndProject
Global
	GlobalSection(SolutionConfigurationPlatforms) = preSolution
		Debug|Any CPU = Debug|Any CPU
		Release|Any CPU = Release|Any CPU
	EndGlobalSection
	GlobalSection(ProjectConfigurationPlatforms) = postSolution
		{174FC362-61C7-4918-B75C-297EF317415C}.Debug|Any CPU.ActiveCfg = Debug|Any CPU
		{174FC362-61C7-4918-B75C-297EF317415C}.Debug|Any CPU.Build.0 = Debug|Any CPU
		{174FC362-61C7-4918-B75C-297EF317415C}.Release|Any CPU.ActiveCfg = Release|Any CPU
		{174FC362-61C7-4918-B75C-297EF317415C}.Release|Any CPU.Build.0 = Release|Any CPU
		{7491B7FF-A252-44C8-84C1-822D50ED0661}.Debug|Any CPU.ActiveCfg = Debug|Any CPU
		{7491B7FF-A252-44C8-84C1-822D50ED0661}.Debug|Any CPU.Build.0 = Debug|Any CPU
		{7491B7FF-A252-44C8-84C1-822D50ED0661}.Release|Any CPU.ActiveCfg = Release|Any CPU
		{7491B7FF-A252-44C8-84C1-822D50ED0661}.Release|Any CPU.Build.0 = Release|Any CPU
		{AAEC8EFE-6972-4B3A-8BF4-268E42221C79}.Debug|Any CPU.ActiveCfg = Debug|Any CPU
		{AAEC8EFE-6972-4B3A-8BF4-268E42221C79}.Debug|Any CPU.Build.0 = Debug|Any CPU
		{AAEC8EFE-6972-4B3A-8BF4-268E42221C79}.Release|Any CPU.ActiveCfg = Release|Any CPU
		{AAEC8EFE-6972-4B3A-8BF4-268E42221C79}.Release|Any CPU.Build.0 = Release|Any CPU
		{D63F81A8-3637-4A87-B473-BA696222A3AE}.Debug|Any CPU.ActiveCfg = Debug|Any CPU
		{D63F81A8-3637-4A87-B473-BA696222A3AE}.Debug|Any CPU.Build.0 = Debug|Any CPU
		{D63F81A8-3637-4A87-B473-BA696222A3AE}.Release|Any CPU.ActiveCfg = Release|Any CPU
		{D63F81A8-3637-4A87-B473-BA696222A3AE}.Release|Any CPU.Build.0 = Release|Any CPU
		{5AF63CFA-9C0F-4551-95CD-C1A383B8CE42}.Debug|Any CPU.ActiveCfg = Debug|Any CPU
		{5AF63CFA-9C0F-4551-95CD-C1A383B8CE42}.Debug|Any CPU.Build.0 = Debug|Any CPU
		{5AF63CFA-9C0F-4551-95CD-C1A383B8CE42}.Release|Any CPU.ActiveCfg = Release|Any CPU
		{5AF63CFA-9C0F-4551-95CD-C1A383B8CE42}.Release|Any CPU.Build.0 = Release|Any CPU
		{CC199E0C-8B4A-4556-AB69-CDE6F054EDE0}.Debug|Any CPU.ActiveCfg = Debug|Any CPU
		{CC199E0C-8B4A-4556-AB69-CDE6F054EDE0}.Debug|Any CPU.Build.0 = Debug|Any CPU
		{CC199E0C-8B4A-4556-AB69-CDE6F054EDE0}.Release|Any CPU.ActiveCfg = Release|Any CPU
		{CC199E0C-8B4A-4556-AB69-CDE6F054EDE0}.Release|Any CPU.Build.0 = Release|Any CPU
		{C0C7C794-0326-45C0-9D52-2F8C592F9401}.Debug|Any CPU.ActiveCfg = Debug|Any CPU
		{C0C7C794-0326-45C0-9D52-2F8C592F9401}.Debug|Any CPU.Build.0 = Debug|Any CPU
		{C0C7C794-0326-45C0-9D52-2F8C592F9401}.Release|Any CPU.ActiveCfg = Release|Any CPU
		{C0C7C794-0326-45C0-9D52-2F8C592F9401}.Release|Any CPU.Build.0 = Release|Any CPU
		{6638990D-8553-4CEF-A0C6-9C486B8DD1B9}.Debug|Any CPU.ActiveCfg = Debug|Any CPU
		{6638990D-8553-4CEF-A0C6-9C486B8DD1B9}.Debug|Any CPU.Build.0 = Debug|Any CPU
		{6638990D-8553-4CEF-A0C6-9C486B8DD1B9}.Release|Any CPU.ActiveCfg = Release|Any CPU
		{6638990D-8553-4CEF-A0C6-9C486B8DD1B9}.Release|Any CPU.Build.0 = Release|Any CPU
		{28B3CF25-740B-40F6-8A40-283FA123374D}.Debug|Any CPU.ActiveCfg = Debug|Any CPU
		{28B3CF25-740B-40F6-8A40-283FA123374D}.Debug|Any CPU.Build.0 = Debug|Any CPU
		{28B3CF25-740B-40F6-8A40-283FA123374D}.Release|Any CPU.ActiveCfg = Release|Any CPU
		{28B3CF25-740B-40F6-8A40-283FA123374D}.Release|Any CPU.Build.0 = Release|Any CPU
		{7B7179CD-5013-4A15-A574-7D55B0A14B60}.Debug|Any CPU.ActiveCfg = Debug|Any CPU
		{7B7179CD-5013-4A15-A574-7D55B0A14B60}.Debug|Any CPU.Build.0 = Debug|Any CPU
		{7B7179CD-5013-4A15-A574-7D55B0A14B60}.Release|Any CPU.ActiveCfg = Release|Any CPU
		{7B7179CD-5013-4A15-A574-7D55B0A14B60}.Release|Any CPU.Build.0 = Release|Any CPU
		{B078EB9F-F064-4A78-969E-7C9E4368524B}.Debug|Any CPU.ActiveCfg = Debug|Any CPU
		{B078EB9F-F064-4A78-969E-7C9E4368524B}.Debug|Any CPU.Build.0 = Debug|Any CPU
		{B078EB9F-F064-4A78-969E-7C9E4368524B}.Release|Any CPU.ActiveCfg = Release|Any CPU
		{B078EB9F-F064-4A78-969E-7C9E4368524B}.Release|Any CPU.Build.0 = Release|Any CPU
		{884F1646-5D4C-465A-8C10-2DB08F1B76A1}.Debug|Any CPU.ActiveCfg = Debug|Any CPU
		{884F1646-5D4C-465A-8C10-2DB08F1B76A1}.Debug|Any CPU.Build.0 = Debug|Any CPU
		{884F1646-5D4C-465A-8C10-2DB08F1B76A1}.Release|Any CPU.ActiveCfg = Release|Any CPU
		{884F1646-5D4C-465A-8C10-2DB08F1B76A1}.Release|Any CPU.Build.0 = Release|Any CPU
		{798E51C6-C067-446F-887F-11F3E58AAA7B}.Debug|Any CPU.ActiveCfg = Debug|Any CPU
		{798E51C6-C067-446F-887F-11F3E58AAA7B}.Debug|Any CPU.Build.0 = Debug|Any CPU
		{798E51C6-C067-446F-887F-11F3E58AAA7B}.Release|Any CPU.ActiveCfg = Release|Any CPU
		{798E51C6-C067-446F-887F-11F3E58AAA7B}.Release|Any CPU.Build.0 = Release|Any CPU
	EndGlobalSection
	GlobalSection(SolutionProperties) = preSolution
		HideSolutionNode = FALSE
	EndGlobalSection
	GlobalSection(NestedProjects) = preSolution
		{174FC362-61C7-4918-B75C-297EF317415C} = {046CCA89-B4D2-4823-AAA2-E55ECB863E43}
		{7491B7FF-A252-44C8-84C1-822D50ED0661} = {046CCA89-B4D2-4823-AAA2-E55ECB863E43}
		{AAEC8EFE-6972-4B3A-8BF4-268E42221C79} = {BFEFCB57-5D96-4410-96A6-43BCA9BA6DD1}
		{D63F81A8-3637-4A87-B473-BA696222A3AE} = {BFEFCB57-5D96-4410-96A6-43BCA9BA6DD1}
		{5AF63CFA-9C0F-4551-95CD-C1A383B8CE42} = {53C21C1C-D172-4992-BF7B-9941B6D7A4C9}
		{CC199E0C-8B4A-4556-AB69-CDE6F054EDE0} = {53C21C1C-D172-4992-BF7B-9941B6D7A4C9}
		{C0C7C794-0326-45C0-9D52-2F8C592F9401} = {046CCA89-B4D2-4823-AAA2-E55ECB863E43}
		{7C9EE40F-7371-462C-A5E8-39DB003B16BA} = {9F446669-1BAB-4E8A-BB22-910E57890CF7}
		{6638990D-8553-4CEF-A0C6-9C486B8DD1B9} = {7C9EE40F-7371-462C-A5E8-39DB003B16BA}
		{1507C526-62D4-4988-8076-0ACD3F54DB17} = {9F446669-1BAB-4E8A-BB22-910E57890CF7}
		{9E9C14DE-F02C-4025-BFBF-FE77C4D5B8AE} = {9F446669-1BAB-4E8A-BB22-910E57890CF7}
		{28B3CF25-740B-40F6-8A40-283FA123374D} = {1507C526-62D4-4988-8076-0ACD3F54DB17}
		{7B7179CD-5013-4A15-A574-7D55B0A14B60} = {1507C526-62D4-4988-8076-0ACD3F54DB17}
		{B078EB9F-F064-4A78-969E-7C9E4368524B} = {9E9C14DE-F02C-4025-BFBF-FE77C4D5B8AE}
		{884F1646-5D4C-465A-8C10-2DB08F1B76A1} = {9E9C14DE-F02C-4025-BFBF-FE77C4D5B8AE}
		{798E51C6-C067-446F-887F-11F3E58AAA7B} = {9E9C14DE-F02C-4025-BFBF-FE77C4D5B8AE}
	EndGlobalSection
	GlobalSection(ExtensibilityGlobals) = postSolution
		SolutionGuid = {660426E2-F44A-49C7-B524-24B70652AC21}
	EndGlobalSection
EndGlobal
